<?xml version="1.0" encoding="utf-8"?>
<Project ToolsVersion="4.0" xmlns="http://schemas.microsoft.com/developer/msbuild/2003">
  <ItemGroup>
    <Filter Include="源文件">
      <UniqueIdentifier>{4FC737F1-C7A5-4376-A066-2A32D752A2FF}</UniqueIdentifier>
      <Extensions>cpp;c;cc;cxx;def;odl;idl;hpj;bat;asm;asmx</Extensions>
    </Filter>
    <Filter Include="头文件">
      <UniqueIdentifier>{93995380-89BD-4b04-88EB-625FBE52EBFB}</UniqueIdentifier>
      <Extensions>h;hh;hpp;hxx;hm;inl;inc;ipp;xsd</Extensions>
    </Filter>
    <Filter Include="资源文件">
      <UniqueIdentifier>{67DA6AB6-F800-4c08-8B7A-83BB121AAD01}</UniqueIdentifier>
      <Extensions>rc;ico;cur;bmp;dlg;rc2;rct;bin;rgs;gif;jpg;jpeg;jpe;resx;tiff;tif;png;wav;mfcribbon-ms</Extensions>
    </Filter>
    <Filter Include="include">
      <UniqueIdentifier>{03ba9495-ae61-4c81-b018-4538fe41af2b}</UniqueIdentifier>
    </Filter>
    <Filter Include="include\CPrimerPlus">
      <UniqueIdentifier>{1e4298ed-aefd-425e-bcbf-ceac7952da62}</UniqueIdentifier>
    </Filter>
    <Filter Include="src">
      <UniqueIdentifier>{636662e7-8ad5-489e-9e79-76a091bcd6b0}</UniqueIdentifier>
    </Filter>
    <Filter Include="src\CPrimerPlus">
      <UniqueIdentifier>{12fe1908-c929-4993-b57d-373c6f3b34c5}</UniqueIdentifier>
    </Filter>
    <Filter Include="include\DataStructuresAndAlgorithms">
      <UniqueIdentifier>{d9fd3a04-f4b8-4bea-aa3c-fde1a5608ef0}</UniqueIdentifier>
    </Filter>
    <Filter Include="include\DataStructuresAndAlgorithms\DataTypeAlgorithms">
      <UniqueIdentifier>{8d982ec5-964f-408b-b3af-d7cf83e4f668}</UniqueIdentifier>
    </Filter>
    <Filter Include="src\DataStructuresAndAlgorithms">
      <UniqueIdentifier>{b71ed537-aeb0-45bc-b402-063493ec8ee0}</UniqueIdentifier>
    </Filter>
    <Filter Include="src\DataStructuresAndAlgorithms\DataTypeAlgorithms">
      <UniqueIdentifier>{e00843b2-bb08-4316-ba22-8717ea98b541}</UniqueIdentifier>
    </Filter>
    <Filter Include="include\Public">
      <UniqueIdentifier>{696dce34-53a9-45bf-897d-8b4568c5f2a8}</UniqueIdentifier>
    </Filter>
    <Filter Include="include\MulThread">
      <UniqueIdentifier>{e07cab28-4d34-441d-9e63-0d2ab1da064a}</UniqueIdentifier>
    </Filter>
    <Filter Include="src\MulThread">
      <UniqueIdentifier>{68057eac-3e1d-4440-b727-89ff5b10bca7}</UniqueIdentifier>
    </Filter>
    <Filter Include="src\Public">
      <UniqueIdentifier>{1f87ffbc-869b-46af-a7d1-9b335be338f3}</UniqueIdentifier>
    </Filter>
    <Filter Include="src\DesMode">
      <UniqueIdentifier>{b039b100-bca7-4de1-9259-072246c55112}</UniqueIdentifier>
    </Filter>
    <Filter Include="include\DesMode">
      <UniqueIdentifier>{0fe54ac4-6cc3-46c9-8490-03d35ef6d057}</UniqueIdentifier>
    </Filter>
    <Filter Include="src\DesMode\Observer">
      <UniqueIdentifier>{79606892-a570-4fc6-89e4-f847d4bd4a77}</UniqueIdentifier>
    </Filter>
    <Filter Include="include\DesMode\Observer">
      <UniqueIdentifier>{fa2af56e-1996-4ae1-8a46-e5aa4db7ed59}</UniqueIdentifier>
    </Filter>
    <Filter Include="src\DesMode\SimpleFactory">
      <UniqueIdentifier>{7cf730e1-7ec8-46fb-85f9-c5ab0237e614}</UniqueIdentifier>
    </Filter>
    <Filter Include="include\DesMode\SimpleFactory">
      <UniqueIdentifier>{aee1a8df-d398-4827-acb6-0d8f99e20f94}</UniqueIdentifier>
    </Filter>
    <Filter Include="include\DesMode\AbstractFactory">
      <UniqueIdentifier>{81bf01be-4287-4357-b1e8-1de95ebcb5cb}</UniqueIdentifier>
    </Filter>
    <Filter Include="src\DesMode\AbstractFactory">
      <UniqueIdentifier>{d4578eed-655c-46b8-9511-ef3a42d0aef8}</UniqueIdentifier>
    </Filter>
    <Filter Include="include\DesMode\Adapter">
      <UniqueIdentifier>{11f47bae-900d-4a55-89b2-4e247838c220}</UniqueIdentifier>
    </Filter>
    <Filter Include="src\DesMode\Adapter">
      <UniqueIdentifier>{e3bcaa4b-1791-4a96-a342-4d39bbd4936a}</UniqueIdentifier>
    </Filter>
    <Filter Include="include\DesMode\Decorator">
      <UniqueIdentifier>{bb3f1c75-67c9-413a-9308-d32d48e9becb}</UniqueIdentifier>
    </Filter>
    <Filter Include="src\DesMode\Decorator">
      <UniqueIdentifier>{e636cf42-236c-47db-bc01-067332277129}</UniqueIdentifier>
    </Filter>
    <Filter Include="include\DesMode\Iterator">
      <UniqueIdentifier>{12fc1b91-5b90-4e1b-b6c7-31203e64ed9d}</UniqueIdentifier>
    </Filter>
    <Filter Include="src\DesMode\Iterator">
      <UniqueIdentifier>{43e875cb-49c5-4334-bf28-5c5df82dcc76}</UniqueIdentifier>
    </Filter>
  </ItemGroup>
  <ItemGroup>
    <ClCompile Include="src\main\StudyDesMode.cpp">
      <Filter>源文件</Filter>
    </ClCompile>
    <ClCompile Include="src\CPrimerPlus\CPrimerPlus.cpp">
      <Filter>src\CPrimerPlus</Filter>
    </ClCompile>
    <ClCompile Include="src\DataStructuresAndAlgorithms\DataTypeAlgorithms\CArrayList.cpp">
      <Filter>src\DataStructuresAndAlgorithms\DataTypeAlgorithms</Filter>
    </ClCompile>
    <ClCompile Include="src\DataStructuresAndAlgorithms\DataTypeAlgorithms\CLinearList.cpp">
      <Filter>src\DataStructuresAndAlgorithms\DataTypeAlgorithms</Filter>
    </ClCompile>
    <ClCompile Include="src\DataStructuresAndAlgorithms\DataTypeAlgorithms\CLinkList.cpp">
      <Filter>src\DataStructuresAndAlgorithms\DataTypeAlgorithms</Filter>
    </ClCompile>
    <ClCompile Include="src\DataStructuresAndAlgorithms\DataTypeAlgorithms\CRedBlackTree.cpp">
      <Filter>src\DataStructuresAndAlgorithms\DataTypeAlgorithms</Filter>
    </ClCompile>
    <ClCompile Include="src\MulThread\CSemaphore.cpp">
      <Filter>src\MulThread</Filter>
    </ClCompile>
    <ClCompile Include="src\MulThread\CThread.cpp">
      <Filter>src\MulThread</Filter>
    </ClCompile>
    <ClCompile Include="src\DesMode\Observer\CCurrentConditionDisplay.cpp">
      <Filter>src\DesMode\Observer</Filter>
    </ClCompile>
    <ClCompile Include="src\DesMode\Observer\CForecastDisplay.cpp">
      <Filter>src\DesMode\Observer</Filter>
    </ClCompile>
    <ClCompile Include="src\DesMode\Observer\CStatisticsDisplay.cpp">
      <Filter>src\DesMode\Observer</Filter>
    </ClCompile>
    <ClCompile Include="src\DesMode\Observer\CThirdPartyDisplay.cpp">
      <Filter>src\DesMode\Observer</Filter>
    </ClCompile>
    <ClCompile Include="src\DesMode\Observer\CWeatherData.cpp">
      <Filter>src\DesMode\Observer</Filter>
    </ClCompile>
    <ClCompile Include="src\DesMode\SimpleFactory\COperation.cpp">
      <Filter>src\DesMode\SimpleFactory</Filter>
    </ClCompile>
    <ClCompile Include="src\DesMode\SimpleFactory\COperationAdd.cpp">
      <Filter>src\DesMode\SimpleFactory</Filter>
    </ClCompile>
    <ClCompile Include="src\DesMode\SimpleFactory\COperationDiv.cpp">
      <Filter>src\DesMode\SimpleFactory</Filter>
    </ClCompile>
    <ClCompile Include="src\DesMode\SimpleFactory\COperationMul.cpp">
      <Filter>src\DesMode\SimpleFactory</Filter>
    </ClCompile>
    <ClCompile Include="src\DesMode\SimpleFactory\COperationSub.cpp">
      <Filter>src\DesMode\SimpleFactory</Filter>
    </ClCompile>
    <ClCompile Include="src\DesMode\AbstractFactory\CCheesePizza.cpp">
      <Filter>src\DesMode\AbstractFactory</Filter>
    </ClCompile>
    <ClCompile Include="src\DesMode\AbstractFactory\CChicagoPizzaStore.cpp">
      <Filter>src\DesMode\AbstractFactory</Filter>
    </ClCompile>
    <ClCompile Include="src\DesMode\AbstractFactory\CChicagoPizzlngredientFactory.cpp">
      <Filter>src\DesMode\AbstractFactory</Filter>
    </ClCompile>
    <ClCompile Include="src\DesMode\AbstractFactory\CClamPizza.cpp">
      <Filter>src\DesMode\AbstractFactory</Filter>
    </ClCompile>
    <ClCompile Include="src\DesMode\AbstractFactory\CFreshClams.cpp">
      <Filter>src\DesMode\AbstractFactory</Filter>
    </ClCompile>
    <ClCompile Include="src\DesMode\AbstractFactory\CFrozenClams.cpp">
      <Filter>src\DesMode\AbstractFactory</Filter>
    </ClCompile>
    <ClCompile Include="src\DesMode\AbstractFactory\CMozzarellaCheese.cpp">
      <Filter>src\DesMode\AbstractFactory</Filter>
    </ClCompile>
    <ClCompile Include="src\DesMode\AbstractFactory\CNYPizzaStore.cpp">
      <Filter>src\DesMode\AbstractFactory</Filter>
    </ClCompile>
    <ClCompile Include="src\DesMode\AbstractFactory\CNYPizzlngredientFactory.cpp">
      <Filter>src\DesMode\AbstractFactory</Filter>
    </ClCompile>
    <ClCompile Include="src\DesMode\AbstractFactory\CPizza.cpp">
      <Filter>src\DesMode\AbstractFactory</Filter>
    </ClCompile>
    <ClCompile Include="src\DesMode\AbstractFactory\CPizzaStore.cpp">
      <Filter>src\DesMode\AbstractFactory</Filter>
    </ClCompile>
    <ClCompile Include="src\DesMode\AbstractFactory\CReggianoCheese.cpp">
      <Filter>src\DesMode\AbstractFactory</Filter>
    </ClCompile>
    <ClCompile Include="src\DesMode\AbstractFactory\CThickCrustDough.cpp">
      <Filter>src\DesMode\AbstractFactory</Filter>
    </ClCompile>
    <ClCompile Include="src\DesMode\AbstractFactory\CThinCrustDough.cpp">
      <Filter>src\DesMode\AbstractFactory</Filter>
    </ClCompile>
    <ClCompile Include="src\Public\CReadAndWrite.cpp">
      <Filter>src\Public</Filter>
    </ClCompile>
    <ClCompile Include="src\DesMode\Adapter\CDuckAdapter.cpp">
      <Filter>src\DesMode\Adapter</Filter>
    </ClCompile>
    <ClCompile Include="src\DesMode\Adapter\CMallardDuck.cpp">
      <Filter>src\DesMode\Adapter</Filter>
    </ClCompile>
    <ClCompile Include="src\DesMode\Adapter\CTurkeyAdapter.cpp">
      <Filter>src\DesMode\Adapter</Filter>
    </ClCompile>
    <ClCompile Include="src\DesMode\Adapter\CWildTurkey.cpp">
      <Filter>src\DesMode\Adapter</Filter>
    </ClCompile>
    <ClCompile Include="src\DesMode\Decorator\CondimentDecorator.cpp">
      <Filter>src\DesMode\Decorator</Filter>
    </ClCompile>
    <ClCompile Include="src\DesMode\Decorator\CBeverages.cpp">
      <Filter>src\DesMode\Decorator</Filter>
    </ClCompile>
    <ClCompile Include="src\DesMode\Decorator\CDarkRoast.cpp">
      <Filter>src\DesMode\Decorator</Filter>
    </ClCompile>
    <ClCompile Include="src\DesMode\Decorator\CDecaf.cpp">
      <Filter>src\DesMode\Decorator</Filter>
    </ClCompile>
    <ClCompile Include="src\DesMode\Decorator\CExpresso.cpp">
      <Filter>src\DesMode\Decorator</Filter>
    </ClCompile>
    <ClCompile Include="src\DesMode\Decorator\CHouseBlend.cpp">
      <Filter>src\DesMode\Decorator</Filter>
    </ClCompile>
    <ClCompile Include="src\DesMode\Decorator\CMocha.cpp">
      <Filter>src\DesMode\Decorator</Filter>
    </ClCompile>
    <ClCompile Include="src\DesMode\Decorator\CSoy.cpp">
      <Filter>src\DesMode\Decorator</Filter>
    </ClCompile>
    <ClCompile Include="src\DesMode\Decorator\CSteamedMilk.cpp">
      <Filter>src\DesMode\Decorator</Filter>
    </ClCompile>
    <ClCompile Include="src\DesMode\Decorator\CWhip.cpp">
      <Filter>src\DesMode\Decorator</Filter>
    </ClCompile>
    <ClCompile Include="src\DesMode\Iterator\CCafeMenu.cpp">
      <Filter>src\DesMode\Iterator</Filter>
    </ClCompile>
    <ClCompile Include="src\DesMode\Iterator\CCafeMenuIterator.cpp">
      <Filter>src\DesMode\Iterator</Filter>
    </ClCompile>
    <ClCompile Include="src\DesMode\Iterator\CDinnerMenu.cpp">
      <Filter>src\DesMode\Iterator</Filter>
    </ClCompile>
    <ClCompile Include="src\DesMode\Iterator\CDinnerMenuIterator.cpp">
      <Filter>src\DesMode\Iterator</Filter>
    </ClCompile>
    <ClCompile Include="src\DesMode\Iterator\CMenuItem.cpp">
      <Filter>src\DesMode\Iterator</Filter>
    </ClCompile>
    <ClCompile Include="src\DesMode\Iterator\CPancakeHouseIterator.cpp">
      <Filter>src\DesMode\Iterator</Filter>
    </ClCompile>
    <ClCompile Include="src\DesMode\Iterator\CPancakeHouseMenu.cpp">
      <Filter>src\DesMode\Iterator</Filter>
    </ClCompile>
    <ClCompile Include="src\DesMode\Iterator\CWaitress.cpp">
      <Filter>src\DesMode\Iterator</Filter>
    </ClCompile>
  </ItemGroup>
  <ItemGroup>
    <ClInclude Include="include\CPrimerPlus\CPrimerPlus.h">
      <Filter>include\CPrimerPlus</Filter>
    </ClInclude>
    <ClInclude Include="include\DataStructuresAndAlgorithms\DataTypeAlgorithms\CArrayList.h">
      <Filter>include\DataStructuresAndAlgorithms\DataTypeAlgorithms</Filter>
    </ClInclude>
    <ClInclude Include="include\DataStructuresAndAlgorithms\DataTypeAlgorithms\CLinearList.h">
      <Filter>include\DataStructuresAndAlgorithms\DataTypeAlgorithms</Filter>
    </ClInclude>
    <ClInclude Include="include\DataStructuresAndAlgorithms\DataTypeAlgorithms\CLinkList.h">
      <Filter>include\DataStructuresAndAlgorithms\DataTypeAlgorithms</Filter>
    </ClInclude>
    <ClInclude Include="include\DataStructuresAndAlgorithms\DataTypeAlgorithms\CRedBlackTree.h">
      <Filter>include\DataStructuresAndAlgorithms\DataTypeAlgorithms</Filter>
    </ClInclude>
    <ClInclude Include="include\DataStructuresAndAlgorithms\DataTypeAlgorithms\CSortingAlgorithm.h">
      <Filter>include\DataStructuresAndAlgorithms\DataTypeAlgorithms</Filter>
    </ClInclude>
    <ClInclude Include="include\DataStructuresAndAlgorithms\DataTypeAlgorithms\ILinearList.h">
      <Filter>include\DataStructuresAndAlgorithms\DataTypeAlgorithms</Filter>
    </ClInclude>
    <ClInclude Include="include\DataStructuresAndAlgorithms\DataTypeAlgorithms\Node.h">
      <Filter>include\DataStructuresAndAlgorithms\DataTypeAlgorithms</Filter>
    </ClInclude>
    <ClInclude Include="include\MulThread\ThreadPool.h">
      <Filter>include\MulThread</Filter>
    </ClInclude>
    <ClInclude Include="include\MulThread\Semaphore.h">
      <Filter>include\MulThread</Filter>
    </ClInclude>
    <ClInclude Include="include\MulThread\Thread.h">
      <Filter>include\MulThread</Filter>
    </ClInclude>
    <ClInclude Include="include\DesMode\Observer\CCurrentConditionDisplay.h">
      <Filter>include\DesMode\Observer</Filter>
    </ClInclude>
    <ClInclude Include="include\DesMode\Observer\CForecastDisplay.h">
      <Filter>include\DesMode\Observer</Filter>
    </ClInclude>
    <ClInclude Include="include\DesMode\Observer\CStatisticsDisplay.h">
      <Filter>include\DesMode\Observer</Filter>
    </ClInclude>
    <ClInclude Include="include\DesMode\Observer\CThirdPartyDisplay.h">
      <Filter>include\DesMode\Observer</Filter>
    </ClInclude>
    <ClInclude Include="include\DesMode\Observer\CWeatherData.h">
      <Filter>include\DesMode\Observer</Filter>
    </ClInclude>
    <ClInclude Include="include\DesMode\Observer\ImpObserver.h">
      <Filter>include\DesMode\Observer</Filter>
    </ClInclude>
    <ClInclude Include="include\DesMode\Observer\ImpSubject.h">
      <Filter>include\DesMode\Observer</Filter>
    </ClInclude>
    <ClInclude Include="include\DesMode\SimpleFactory\COperation.h">
      <Filter>include\DesMode\SimpleFactory</Filter>
    </ClInclude>
    <ClInclude Include="include\DesMode\SimpleFactory\COperationAdd.h">
      <Filter>include\DesMode\SimpleFactory</Filter>
    </ClInclude>
    <ClInclude Include="include\DesMode\SimpleFactory\COperationDiv.h">
      <Filter>include\DesMode\SimpleFactory</Filter>
    </ClInclude>
    <ClInclude Include="include\DesMode\SimpleFactory\COperationMul.h">
      <Filter>include\DesMode\SimpleFactory</Filter>
    </ClInclude>
    <ClInclude Include="include\DesMode\SimpleFactory\COperationSub.h">
      <Filter>include\DesMode\SimpleFactory</Filter>
    </ClInclude>
    <ClInclude Include="include\DesMode\AbstractFactory\CCheesePizza.h">
      <Filter>include\DesMode\AbstractFactory</Filter>
    </ClInclude>
    <ClInclude Include="include\DesMode\AbstractFactory\CChicagoPizzaStore.h">
      <Filter>include\DesMode\AbstractFactory</Filter>
    </ClInclude>
    <ClInclude Include="include\DesMode\AbstractFactory\CChicagoPizzlngredientFactory.h">
      <Filter>include\DesMode\AbstractFactory</Filter>
    </ClInclude>
    <ClInclude Include="include\DesMode\AbstractFactory\CClamPizza.h">
      <Filter>include\DesMode\AbstractFactory</Filter>
    </ClInclude>
    <ClInclude Include="include\DesMode\AbstractFactory\CFreshClams.h">
      <Filter>include\DesMode\AbstractFactory</Filter>
    </ClInclude>
    <ClInclude Include="include\DesMode\AbstractFactory\CFrozenClams.h">
      <Filter>include\DesMode\AbstractFactory</Filter>
    </ClInclude>
    <ClInclude Include="include\DesMode\AbstractFactory\CMozzarellaCheese.h">
      <Filter>include\DesMode\AbstractFactory</Filter>
    </ClInclude>
    <ClInclude Include="include\DesMode\AbstractFactory\CNYPizzaStore.h">
      <Filter>include\DesMode\AbstractFactory</Filter>
    </ClInclude>
    <ClInclude Include="include\DesMode\AbstractFactory\CNYPizzlngredientFactory.h">
      <Filter>include\DesMode\AbstractFactory</Filter>
    </ClInclude>
    <ClInclude Include="include\DesMode\AbstractFactory\CPizza.h">
      <Filter>include\DesMode\AbstractFactory</Filter>
    </ClInclude>
    <ClInclude Include="include\DesMode\AbstractFactory\CPizzaStore.h">
      <Filter>include\DesMode\AbstractFactory</Filter>
    </ClInclude>
    <ClInclude Include="include\DesMode\AbstractFactory\CReggianoCheese.h">
      <Filter>include\DesMode\AbstractFactory</Filter>
    </ClInclude>
    <ClInclude Include="include\DesMode\AbstractFactory\CThickCrustDough.h">
      <Filter>include\DesMode\AbstractFactory</Filter>
    </ClInclude>
    <ClInclude Include="include\DesMode\AbstractFactory\CThinCrustDough.h">
      <Filter>include\DesMode\AbstractFactory</Filter>
    </ClInclude>
    <ClInclude Include="include\DesMode\AbstractFactory\ImpCheese.h">
      <Filter>include\DesMode\AbstractFactory</Filter>
    </ClInclude>
    <ClInclude Include="include\DesMode\AbstractFactory\ImpClam.h">
      <Filter>include\DesMode\AbstractFactory</Filter>
    </ClInclude>
    <ClInclude Include="include\DesMode\AbstractFactory\ImpDough.h">
      <Filter>include\DesMode\AbstractFactory</Filter>
    </ClInclude>
    <ClInclude Include="include\DesMode\AbstractFactory\ImpPizzalngredientFactory.h">
      <Filter>include\DesMode\AbstractFactory</Filter>
    </ClInclude>
    <ClInclude Include="include\Public\CReadAndWrite.h">
      <Filter>include\Public</Filter>
    </ClInclude>
    <ClInclude Include="include\DesMode\Adapter\ImpDuck.h">
      <Filter>include\DesMode\Adapter</Filter>
    </ClInclude>
    <ClInclude Include="include\DesMode\Adapter\ImpTurkey.h">
      <Filter>include\DesMode\Adapter</Filter>
    </ClInclude>
    <ClInclude Include="include\DesMode\Adapter\CTurkeyAdapter.h">
      <Filter>include\DesMode\Adapter</Filter>
    </ClInclude>
    <ClInclude Include="include\DesMode\Adapter\CDuckAdapter.h">
      <Filter>include\DesMode\Adapter</Filter>
    </ClInclude>
    <ClInclude Include="include\DesMode\Adapter\CMallardDuck.h">
      <Filter>include\DesMode\Adapter</Filter>
    </ClInclude>
    <ClInclude Include="include\DesMode\Adapter\CWildTurkey.h">
      <Filter>include\DesMode\Adapter</Filter>
    </ClInclude>
    <ClInclude Include="include\DesMode\Decorator\CondimentDecorator.h">
      <Filter>include\DesMode\Decorator</Filter>
    </ClInclude>
    <ClInclude Include="include\DesMode\Decorator\CBeverages.h">
      <Filter>include\DesMode\Decorator</Filter>
    </ClInclude>
    <ClInclude Include="include\DesMode\Decorator\CDarkRoast.h">
      <Filter>include\DesMode\Decorator</Filter>
    </ClInclude>
    <ClInclude Include="include\DesMode\Decorator\CDecaf.h">
      <Filter>include\DesMode\Decorator</Filter>
    </ClInclude>
    <ClInclude Include="include\DesMode\Decorator\CExpresso.h">
      <Filter>include\DesMode\Decorator</Filter>
    </ClInclude>
    <ClInclude Include="include\DesMode\Decorator\CHouseBlend.h">
      <Filter>include\DesMode\Decorator</Filter>
    </ClInclude>
    <ClInclude Include="include\DesMode\Decorator\CMocha.h">
      <Filter>include\DesMode\Decorator</Filter>
    </ClInclude>
    <ClInclude Include="include\DesMode\Decorator\CSoy.h">
      <Filter>include\DesMode\Decorator</Filter>
    </ClInclude>
    <ClInclude Include="include\DesMode\Decorator\CSteamedMilk.h">
      <Filter>include\DesMode\Decorator</Filter>
    </ClInclude>
    <ClInclude Include="include\DesMode\Decorator\CWhip.h">
      <Filter>include\DesMode\Decorator</Filter>
    </ClInclude>
    <ClInclude Include="include\DesMode\Iterator\CCafeMenu.h">
      <Filter>include\DesMode\Iterator</Filter>
    </ClInclude>
    <ClInclude Include="include\DesMode\Iterator\CCafeMenuIterator.h">
      <Filter>include\DesMode\Iterator</Filter>
    </ClInclude>
    <ClInclude Include="include\DesMode\Iterator\CDinnerMenu.h">
      <Filter>include\DesMode\Iterator</Filter>
    </ClInclude>
    <ClInclude Include="include\DesMode\Iterator\CDinnerMenuIterator.h">
      <Filter>include\DesMode\Iterator</Filter>
    </ClInclude>
    <ClInclude Include="include\DesMode\Iterator\ImpIterator.h">
      <Filter>include\DesMode\Iterator</Filter>
    </ClInclude>
    <ClInclude Include="include\DesMode\Iterator\ImpMenu.h">
      <Filter>include\DesMode\Iterator</Filter>
    </ClInclude>
    <ClInclude Include="include\DesMode\Iterator\CMenuItem.h">
      <Filter>include\DesMode\Iterator</Filter>
    </ClInclude>
    <ClInclude Include="include\DesMode\Iterator\CPancakeHouseIterator.h">
      <Filter>include\DesMode\Iterator</Filter>
    </ClInclude>
    <ClInclude Include="include\DesMode\Iterator\CWaitress.h">
      <Filter>include\DesMode\Iterator</Filter>
    </ClInclude>
    <ClInclude Include="include\DesMode\Iterator\CPancakeHouseMenu.h">
      <Filter>include\DesMode\Iterator</Filter>
    </ClInclude>
  </ItemGroup>
</Project>