<?xml version="1.0" encoding="utf-8"?>
<Project ToolsVersion="4.0" xmlns="http://schemas.microsoft.com/developer/msbuild/2003">
  <ItemGroup>
    <Filter Include="源文件">
      <UniqueIdentifier>{4FC737F1-C7A5-4376-A066-2A32D752A2FF}</UniqueIdentifier>
      <Extensions>cpp;c;cc;cxx;def;odl;idl;hpj;bat;asm;asmx</Extensions>
    </Filter>
    <Filter Include="头文件">
      <UniqueIdentifier>{93995380-89BD-4b04-88EB-625FBE52EBFB}</UniqueIdentifier>
      <Extensions>h;hh;hpp;hxx;hm;inl;inc;ipp;xsd</Extensions>
    </Filter>
    <Filter Include="资源文件">
      <UniqueIdentifier>{67DA6AB6-F800-4c08-8B7A-83BB121AAD01}</UniqueIdentifier>
      <Extensions>rc;ico;cur;bmp;dlg;rc2;rct;bin;rgs;gif;jpg;jpeg;jpe;resx;tiff;tif;png;wav;mfcribbon-ms</Extensions>
    </Filter>
    <Filter Include="include">
      <UniqueIdentifier>{03ba9495-ae61-4c81-b018-4538fe41af2b}</UniqueIdentifier>
    </Filter>
    <Filter Include="include\CPrimerPlus">
      <UniqueIdentifier>{1e4298ed-aefd-425e-bcbf-ceac7952da62}</UniqueIdentifier>
    </Filter>
    <Filter Include="include\DesMode">
      <UniqueIdentifier>{c06eb480-9f02-4f7d-9012-1f548d281cd5}</UniqueIdentifier>
    </Filter>
    <Filter Include="src">
      <UniqueIdentifier>{636662e7-8ad5-489e-9e79-76a091bcd6b0}</UniqueIdentifier>
    </Filter>
    <Filter Include="src\CPrimerPlus">
      <UniqueIdentifier>{12fe1908-c929-4993-b57d-373c6f3b34c5}</UniqueIdentifier>
    </Filter>
    <Filter Include="src\DesMode">
      <UniqueIdentifier>{b370a391-9917-42a8-a08f-4e9fcc7d923f}</UniqueIdentifier>
    </Filter>
    <Filter Include="src\DesMode\AbstractFactory">
      <UniqueIdentifier>{7e911683-8ea6-4f35-a001-8c51e3a26559}</UniqueIdentifier>
    </Filter>
    <Filter Include="include\DesMode\AbstractFactory">
      <UniqueIdentifier>{948d4c46-132d-47d8-ac06-5388f4e49e81}</UniqueIdentifier>
    </Filter>
    <Filter Include="include\DesMode\Adapter">
      <UniqueIdentifier>{ae6b23e3-a783-4c00-b37f-cf64fa2b06ee}</UniqueIdentifier>
    </Filter>
    <Filter Include="include\DesMode\FactoryMode">
      <UniqueIdentifier>{d34a1cab-dfbd-4bf4-b595-7e193401056a}</UniqueIdentifier>
    </Filter>
    <Filter Include="include\DesMode\Iterator">
      <UniqueIdentifier>{f119bb1a-b642-417f-9509-c8000728cf72}</UniqueIdentifier>
    </Filter>
    <Filter Include="include\DesMode\Observer">
      <UniqueIdentifier>{b354c480-1ef7-4ef5-9e7a-bc64833d17cd}</UniqueIdentifier>
    </Filter>
    <Filter Include="include\DesMode\SimpleFactory">
      <UniqueIdentifier>{d1d01b12-042a-42c3-ba1e-3bf05f7a8708}</UniqueIdentifier>
    </Filter>
    <Filter Include="include\DesMode\Singleton">
      <UniqueIdentifier>{1bd14b2e-fc38-4998-be12-df5d67d9ebf2}</UniqueIdentifier>
    </Filter>
    <Filter Include="include\DesMode\State">
      <UniqueIdentifier>{4a0ec7cb-21d6-4ab0-a3aa-4477af97a692}</UniqueIdentifier>
    </Filter>
    <Filter Include="src\DesMode\Adapter">
      <UniqueIdentifier>{1822feb2-7960-4ec7-a1ee-e478e05b09d5}</UniqueIdentifier>
    </Filter>
    <Filter Include="src\DesMode\FactoryMode">
      <UniqueIdentifier>{9a7d7d6e-afc5-4208-9d85-25a74a81da0e}</UniqueIdentifier>
    </Filter>
    <Filter Include="src\DesMode\Iterator">
      <UniqueIdentifier>{62f0b533-bb9e-4b72-b8dd-7ed08cc68363}</UniqueIdentifier>
    </Filter>
    <Filter Include="src\DesMode\State">
      <UniqueIdentifier>{887cc47f-10c6-4647-905d-4fdceb265628}</UniqueIdentifier>
    </Filter>
    <Filter Include="src\DesMode\Singleton">
      <UniqueIdentifier>{2a2f1591-bfe6-4dd4-9293-f7e16a64138a}</UniqueIdentifier>
    </Filter>
    <Filter Include="src\DesMode\SimpleFactory">
      <UniqueIdentifier>{c12249ef-122f-4880-9096-2a72ba4ab015}</UniqueIdentifier>
    </Filter>
    <Filter Include="src\DesMode\Observer">
      <UniqueIdentifier>{0cd1f00c-99a5-4271-b584-90329a9f2af6}</UniqueIdentifier>
    </Filter>
    <Filter Include="src\DataStructuresAndAlgorithmsAddSTL">
      <UniqueIdentifier>{b71ed537-aeb0-45bc-b402-063493ec8ee0}</UniqueIdentifier>
    </Filter>
    <Filter Include="src\DataStructuresAndAlgorithmsAddSTL\STL">
      <UniqueIdentifier>{7c8a88e4-0a60-40e1-9901-08751c47a6f9}</UniqueIdentifier>
    </Filter>
    <Filter Include="include\DataStructuresAndAlgorithmsAddSTL">
      <UniqueIdentifier>{d9fd3a04-f4b8-4bea-aa3c-fde1a5608ef0}</UniqueIdentifier>
    </Filter>
    <Filter Include="include\DataStructuresAndAlgorithmsAddSTL\DataTypeAlgorithms">
      <UniqueIdentifier>{8d982ec5-964f-408b-b3af-d7cf83e4f668}</UniqueIdentifier>
    </Filter>
    <Filter Include="include\DataStructuresAndAlgorithmsAddSTL\STL">
      <UniqueIdentifier>{8564cafd-6274-4e20-9dce-164cf2257208}</UniqueIdentifier>
    </Filter>
    <Filter Include="include\MulThreadAndCallBack">
      <UniqueIdentifier>{477ae319-1645-4782-b219-31a30ac6c0f2}</UniqueIdentifier>
    </Filter>
    <Filter Include="src\MulThreadAndCallBack">
      <UniqueIdentifier>{9f47382f-14a6-4bd2-ac0f-3dcad508376f}</UniqueIdentifier>
    </Filter>
    <Filter Include="src\DataStructuresAndAlgorithmsAddSTL\DataTypeAlgorithms">
      <UniqueIdentifier>{e00843b2-bb08-4316-ba22-8717ea98b541}</UniqueIdentifier>
    </Filter>
    <Filter Include="include\TcpIp">
      <UniqueIdentifier>{5637364e-6d78-492c-9380-3843a7f5b84b}</UniqueIdentifier>
    </Filter>
    <Filter Include="src\TcpIp">
      <UniqueIdentifier>{285fae5b-81cd-4685-ad9a-0b187a44e6fc}</UniqueIdentifier>
    </Filter>
  </ItemGroup>
  <ItemGroup>
    <ClCompile Include="src\DesMode\AbstractFactory\AbstractFactory.cpp">
      <Filter>src\DesMode\AbstractFactory</Filter>
    </ClCompile>
    <ClCompile Include="src\DesMode\AbstractFactory\AbstractProduct.cpp">
      <Filter>src\DesMode\AbstractFactory</Filter>
    </ClCompile>
    <ClCompile Include="src\DesMode\Adapter\CAdapter.cpp">
      <Filter>src\DesMode\Adapter</Filter>
    </ClCompile>
    <ClCompile Include="src\DesMode\FactoryMode\CFactory_AddofFactoryMode.cpp">
      <Filter>src\DesMode\FactoryMode</Filter>
    </ClCompile>
    <ClCompile Include="src\DesMode\FactoryMode\CFactory_MulofFactoryMode.cpp">
      <Filter>src\DesMode\FactoryMode</Filter>
    </ClCompile>
    <ClCompile Include="src\DesMode\FactoryMode\CFactoryofFactoryMode.cpp">
      <Filter>src\DesMode\FactoryMode</Filter>
    </ClCompile>
    <ClCompile Include="src\DesMode\FactoryMode\CProducto_AddfFactoryMode.cpp">
      <Filter>src\DesMode\FactoryMode</Filter>
    </ClCompile>
    <ClCompile Include="src\DesMode\FactoryMode\CProducto_MulfFactoryMode.cpp">
      <Filter>src\DesMode\FactoryMode</Filter>
    </ClCompile>
    <ClCompile Include="src\DesMode\FactoryMode\CProductofFactoryMode.cpp">
      <Filter>src\DesMode\FactoryMode</Filter>
    </ClCompile>
    <ClCompile Include="src\DesMode\Iterator\Aggregate.cpp">
      <Filter>src\DesMode\Iterator</Filter>
    </ClCompile>
    <ClCompile Include="src\DesMode\Iterator\ConcreteAggregate.cpp">
      <Filter>src\DesMode\Iterator</Filter>
    </ClCompile>
    <ClCompile Include="src\DesMode\Iterator\ConcreteIterator.cpp">
      <Filter>src\DesMode\Iterator</Filter>
    </ClCompile>
    <ClCompile Include="src\DesMode\Iterator\Iterator.cpp">
      <Filter>src\DesMode\Iterator</Filter>
    </ClCompile>
    <ClCompile Include="src\DesMode\Observer\CDeanSys.cpp">
      <Filter>src\DesMode\Observer</Filter>
    </ClCompile>
    <ClCompile Include="src\DesMode\Observer\CStudent.cpp">
      <Filter>src\DesMode\Observer</Filter>
    </ClCompile>
    <ClCompile Include="src\DesMode\Observer\CStudentA.cpp">
      <Filter>src\DesMode\Observer</Filter>
    </ClCompile>
    <ClCompile Include="src\DesMode\Observer\CStudentB.cpp">
      <Filter>src\DesMode\Observer</Filter>
    </ClCompile>
    <ClCompile Include="src\DesMode\SimpleFactory\CFactory.cpp">
      <Filter>src\DesMode\SimpleFactory</Filter>
    </ClCompile>
    <ClCompile Include="src\DesMode\SimpleFactory\CProduct.cpp">
      <Filter>src\DesMode\SimpleFactory</Filter>
    </ClCompile>
    <ClCompile Include="src\DesMode\SimpleFactory\CProduct_Add.cpp">
      <Filter>src\DesMode\SimpleFactory</Filter>
    </ClCompile>
    <ClCompile Include="src\DesMode\SimpleFactory\CProduct_Mul.cpp">
      <Filter>src\DesMode\SimpleFactory</Filter>
    </ClCompile>
    <ClCompile Include="src\DesMode\Singleton\CSingletion.cpp">
      <Filter>src\DesMode\Singleton</Filter>
    </ClCompile>
    <ClCompile Include="src\DesMode\State\CConcreteState.cpp">
      <Filter>src\DesMode\State</Filter>
    </ClCompile>
    <ClCompile Include="src\DesMode\State\CContext.cpp">
      <Filter>src\DesMode\State</Filter>
    </ClCompile>
    <ClCompile Include="src\main\StudyDesMode.cpp">
      <Filter>源文件</Filter>
    </ClCompile>
    <ClCompile Include="src\MulThreadAndCallBack\CStudyMulThread.cpp">
      <Filter>src\MulThreadAndCallBack</Filter>
    </ClCompile>
    <ClCompile Include="src\MulThreadAndCallBack\CCallBackReceiver.cpp">
      <Filter>src\MulThreadAndCallBack</Filter>
    </ClCompile>
    <ClCompile Include="src\MulThreadAndCallBack\CCallBack.cpp">
      <Filter>src\MulThreadAndCallBack</Filter>
    </ClCompile>
    <ClCompile Include="src\DataStructuresAndAlgorithmsAddSTL\STL\CStudyList.cpp">
      <Filter>src\DataStructuresAndAlgorithmsAddSTL\STL</Filter>
    </ClCompile>
    <ClCompile Include="src\DataStructuresAndAlgorithmsAddSTL\STL\CStudyMap.cpp">
      <Filter>src\DataStructuresAndAlgorithmsAddSTL\STL</Filter>
    </ClCompile>
    <ClCompile Include="src\DataStructuresAndAlgorithmsAddSTL\STL\CStudyString.cpp">
      <Filter>src\DataStructuresAndAlgorithmsAddSTL\STL</Filter>
    </ClCompile>
    <ClCompile Include="src\DataStructuresAndAlgorithmsAddSTL\STL\CStudyStlManager.cpp">
      <Filter>src\DataStructuresAndAlgorithmsAddSTL\STL</Filter>
    </ClCompile>
    <ClCompile Include="src\DataStructuresAndAlgorithmsAddSTL\DataTypeAlgorithms\CArrayList.cpp">
      <Filter>src\DataStructuresAndAlgorithmsAddSTL\DataTypeAlgorithms</Filter>
    </ClCompile>
    <ClCompile Include="src\DataStructuresAndAlgorithmsAddSTL\DataTypeAlgorithms\CLinearList.cpp">
      <Filter>src\DataStructuresAndAlgorithmsAddSTL\DataTypeAlgorithms</Filter>
    </ClCompile>
    <ClCompile Include="src\DataStructuresAndAlgorithmsAddSTL\DataTypeAlgorithms\CLinkList.cpp">
      <Filter>src\DataStructuresAndAlgorithmsAddSTL\DataTypeAlgorithms</Filter>
    </ClCompile>
    <ClCompile Include="src\DataStructuresAndAlgorithmsAddSTL\DataTypeAlgorithms\CRedBlackTree.cpp">
      <Filter>src\DataStructuresAndAlgorithmsAddSTL\DataTypeAlgorithms</Filter>
    </ClCompile>
    <ClCompile Include="src\DataStructuresAndAlgorithmsAddSTL\DataTypeAlgorithms\CSortingAlgorithm.cpp">
      <Filter>src\DataStructuresAndAlgorithmsAddSTL\DataTypeAlgorithms</Filter>
    </ClCompile>
    <ClCompile Include="src\CPrimerPlus\CPrimerPlus.cpp">
      <Filter>src\CPrimerPlus</Filter>
    </ClCompile>
    <ClCompile Include="src\MulThreadAndCallBack\Actor.cpp">
      <Filter>src\MulThreadAndCallBack</Filter>
    </ClCompile>
    <ClCompile Include="src\MulThreadAndCallBack\ActorImpl.cpp">
      <Filter>src\MulThreadAndCallBack</Filter>
    </ClCompile>
    <ClCompile Include="src\MulThreadAndCallBack\cutil_box.cpp">
      <Filter>src\MulThreadAndCallBack</Filter>
    </ClCompile>
    <ClCompile Include="src\MulThreadAndCallBack\thread_condition_sync.cpp">
      <Filter>src\MulThreadAndCallBack</Filter>
    </ClCompile>
    <ClCompile Include="src\MulThreadAndCallBack\thread_mutex.cpp">
      <Filter>src\MulThreadAndCallBack</Filter>
    </ClCompile>
    <ClCompile Include="src\MulThreadAndCallBack\thread_mutex_impl.cpp">
      <Filter>src\MulThreadAndCallBack</Filter>
    </ClCompile>
    <ClCompile Include="src\MulThreadAndCallBack\thread_semaphore.cpp">
      <Filter>src\MulThreadAndCallBack</Filter>
    </ClCompile>
    <ClCompile Include="src\MulThreadAndCallBack\thread_semaphore_impl.cpp">
      <Filter>src\MulThreadAndCallBack</Filter>
    </ClCompile>
    <ClCompile Include="src\TcpIp\dss_tcp_client.cpp">
      <Filter>src\TcpIp</Filter>
    </ClCompile>
    <ClCompile Include="src\TcpIp\dss_tcp_client_actor.cpp">
      <Filter>src\TcpIp</Filter>
    </ClCompile>
  </ItemGroup>
  <ItemGroup>
    <ClInclude Include="include\DesMode\AbstractFactory\AbstractFactory.h">
      <Filter>include\DesMode\AbstractFactory</Filter>
    </ClInclude>
    <ClInclude Include="include\DesMode\AbstractFactory\AbstractProduct.h">
      <Filter>include\DesMode\AbstractFactory</Filter>
    </ClInclude>
    <ClInclude Include="include\DesMode\Adapter\CAdapter.h">
      <Filter>include\DesMode\Adapter</Filter>
    </ClInclude>
    <ClInclude Include="include\DesMode\FactoryMode\CFactory_AddofFactoryMode.h">
      <Filter>include\DesMode\FactoryMode</Filter>
    </ClInclude>
    <ClInclude Include="include\DesMode\FactoryMode\CFactory_MulofFactoryMode.h">
      <Filter>include\DesMode\FactoryMode</Filter>
    </ClInclude>
    <ClInclude Include="include\DesMode\FactoryMode\CFactoryofFactoryMode.h">
      <Filter>include\DesMode\FactoryMode</Filter>
    </ClInclude>
    <ClInclude Include="include\DesMode\FactoryMode\CProductF.h">
      <Filter>include\DesMode\FactoryMode</Filter>
    </ClInclude>
    <ClInclude Include="include\DesMode\FactoryMode\CProducto_AddfFactoryMode.h">
      <Filter>include\DesMode\FactoryMode</Filter>
    </ClInclude>
    <ClInclude Include="include\DesMode\FactoryMode\CProducto_MulfFactoryMode.h">
      <Filter>include\DesMode\FactoryMode</Filter>
    </ClInclude>
    <ClInclude Include="include\DesMode\FactoryMode\CProductofFactoryMode.h">
      <Filter>include\DesMode\FactoryMode</Filter>
    </ClInclude>
    <ClInclude Include="include\DesMode\Iterator\Aggregate.h">
      <Filter>include\DesMode\Iterator</Filter>
    </ClInclude>
    <ClInclude Include="include\DesMode\Iterator\ConcreteAggregate.h">
      <Filter>include\DesMode\Iterator</Filter>
    </ClInclude>
    <ClInclude Include="include\DesMode\Iterator\ConcreteIterator.h">
      <Filter>include\DesMode\Iterator</Filter>
    </ClInclude>
    <ClInclude Include="include\DesMode\Iterator\Iterator.h">
      <Filter>include\DesMode\Iterator</Filter>
    </ClInclude>
    <ClInclude Include="include\DesMode\State\CConcreteState.h">
      <Filter>include\DesMode\State</Filter>
    </ClInclude>
    <ClInclude Include="include\DesMode\State\CContext.h">
      <Filter>include\DesMode\State</Filter>
    </ClInclude>
    <ClInclude Include="include\DesMode\Singleton\CSingletion.h">
      <Filter>include\DesMode\Singleton</Filter>
    </ClInclude>
    <ClInclude Include="include\DesMode\SimpleFactory\CFactory.h">
      <Filter>include\DesMode\SimpleFactory</Filter>
    </ClInclude>
    <ClInclude Include="include\DesMode\SimpleFactory\CProduct.h">
      <Filter>include\DesMode\SimpleFactory</Filter>
    </ClInclude>
    <ClInclude Include="include\DesMode\SimpleFactory\CProduct_Add.h">
      <Filter>include\DesMode\SimpleFactory</Filter>
    </ClInclude>
    <ClInclude Include="include\DesMode\SimpleFactory\CProduct_Mul.h">
      <Filter>include\DesMode\SimpleFactory</Filter>
    </ClInclude>
    <ClInclude Include="include\DesMode\Observer\CDeanSys.h">
      <Filter>include\DesMode\Observer</Filter>
    </ClInclude>
    <ClInclude Include="include\DesMode\Observer\CStudent.h">
      <Filter>include\DesMode\Observer</Filter>
    </ClInclude>
    <ClInclude Include="include\DesMode\Observer\CStudentA.h">
      <Filter>include\DesMode\Observer</Filter>
    </ClInclude>
    <ClInclude Include="include\DesMode\Observer\CStudentB.h">
      <Filter>include\DesMode\Observer</Filter>
    </ClInclude>
    <ClInclude Include="include\MulThreadAndCallBack\CStudyMulThread.h">
      <Filter>include\MulThreadAndCallBack</Filter>
    </ClInclude>
    <ClInclude Include="include\MulThreadAndCallBack\CCallBackReceiver.h">
      <Filter>include\MulThreadAndCallBack</Filter>
    </ClInclude>
    <ClInclude Include="include\DataStructuresAndAlgorithmsAddSTL\STL\CStudyList.h">
      <Filter>include\DataStructuresAndAlgorithmsAddSTL\STL</Filter>
    </ClInclude>
    <ClInclude Include="include\DataStructuresAndAlgorithmsAddSTL\STL\CStudyMap.h">
      <Filter>include\DataStructuresAndAlgorithmsAddSTL\STL</Filter>
    </ClInclude>
    <ClInclude Include="include\DataStructuresAndAlgorithmsAddSTL\STL\CStudyStlManager.h">
      <Filter>include\DataStructuresAndAlgorithmsAddSTL\STL</Filter>
    </ClInclude>
    <ClInclude Include="include\DataStructuresAndAlgorithmsAddSTL\STL\CStudyString.h">
      <Filter>include\DataStructuresAndAlgorithmsAddSTL\STL</Filter>
    </ClInclude>
    <ClInclude Include="include\DataStructuresAndAlgorithmsAddSTL\STL\IStlContain.h">
      <Filter>include\DataStructuresAndAlgorithmsAddSTL\STL</Filter>
    </ClInclude>
    <ClInclude Include="include\DataStructuresAndAlgorithmsAddSTL\STL\IStudyStlManager.h">
      <Filter>include\DataStructuresAndAlgorithmsAddSTL\STL</Filter>
    </ClInclude>
    <ClInclude Include="include\DataStructuresAndAlgorithmsAddSTL\STL\os_type.h">
      <Filter>include\DataStructuresAndAlgorithmsAddSTL\STL</Filter>
    </ClInclude>
    <ClInclude Include="include\CPrimerPlus\CSmartPtr.h">
      <Filter>include\CPrimerPlus</Filter>
    </ClInclude>
    <ClInclude Include="include\DataStructuresAndAlgorithmsAddSTL\DataTypeAlgorithms\CArrayList.h">
      <Filter>include\DataStructuresAndAlgorithmsAddSTL\DataTypeAlgorithms</Filter>
    </ClInclude>
    <ClInclude Include="include\DataStructuresAndAlgorithmsAddSTL\DataTypeAlgorithms\CLinearList.h">
      <Filter>include\DataStructuresAndAlgorithmsAddSTL\DataTypeAlgorithms</Filter>
    </ClInclude>
    <ClInclude Include="include\DataStructuresAndAlgorithmsAddSTL\DataTypeAlgorithms\CLinkList.h">
      <Filter>include\DataStructuresAndAlgorithmsAddSTL\DataTypeAlgorithms</Filter>
    </ClInclude>
    <ClInclude Include="include\DataStructuresAndAlgorithmsAddSTL\DataTypeAlgorithms\CRedBlackTree.h">
      <Filter>include\DataStructuresAndAlgorithmsAddSTL\DataTypeAlgorithms</Filter>
    </ClInclude>
    <ClInclude Include="include\DataStructuresAndAlgorithmsAddSTL\DataTypeAlgorithms\CSortingAlgorithm.h">
      <Filter>include\DataStructuresAndAlgorithmsAddSTL\DataTypeAlgorithms</Filter>
    </ClInclude>
    <ClInclude Include="include\DataStructuresAndAlgorithmsAddSTL\DataTypeAlgorithms\ILinearList.h">
      <Filter>include\DataStructuresAndAlgorithmsAddSTL\DataTypeAlgorithms</Filter>
    </ClInclude>
    <ClInclude Include="include\DataStructuresAndAlgorithmsAddSTL\DataTypeAlgorithms\Node.h">
      <Filter>include\DataStructuresAndAlgorithmsAddSTL\DataTypeAlgorithms</Filter>
    </ClInclude>
    <ClInclude Include="include\CPrimerPlus\CPrimerPlus.h">
      <Filter>include\CPrimerPlus</Filter>
    </ClInclude>
    <ClInclude Include="include\MulThreadAndCallBack\Actor.h">
      <Filter>include\MulThreadAndCallBack</Filter>
    </ClInclude>
    <ClInclude Include="include\MulThreadAndCallBack\ActorImpl.h">
      <Filter>include\MulThreadAndCallBack</Filter>
    </ClInclude>
    <ClInclude Include="include\MulThreadAndCallBack\CCallBack.h">
      <Filter>include\MulThreadAndCallBack</Filter>
    </ClInclude>
    <ClInclude Include="include\MulThreadAndCallBack\cutil_box.h">
      <Filter>include\MulThreadAndCallBack</Filter>
    </ClInclude>
    <ClInclude Include="include\MulThreadAndCallBack\thread_command_actor.h">
      <Filter>include\MulThreadAndCallBack</Filter>
    </ClInclude>
    <ClInclude Include="include\MulThreadAndCallBack\thread_command_queue.h">
      <Filter>include\MulThreadAndCallBack</Filter>
    </ClInclude>
    <ClInclude Include="include\MulThreadAndCallBack\thread_condition_sync.h">
      <Filter>include\MulThreadAndCallBack</Filter>
    </ClInclude>
    <ClInclude Include="include\MulThreadAndCallBack\thread_mutex.h">
      <Filter>include\MulThreadAndCallBack</Filter>
    </ClInclude>
    <ClInclude Include="include\MulThreadAndCallBack\thread_mutex_impl.h">
      <Filter>include\MulThreadAndCallBack</Filter>
    </ClInclude>
    <ClInclude Include="include\MulThreadAndCallBack\thread_os_define.h">
      <Filter>include\MulThreadAndCallBack</Filter>
    </ClInclude>
    <ClInclude Include="include\MulThreadAndCallBack\thread_semaphore.h">
      <Filter>include\MulThreadAndCallBack</Filter>
    </ClInclude>
    <ClInclude Include="include\MulThreadAndCallBack\thread_semaphore_impl.h">
      <Filter>include\MulThreadAndCallBack</Filter>
    </ClInclude>
    <ClInclude Include="include\TcpIp\dss_tcp_client.h">
      <Filter>include\TcpIp</Filter>
    </ClInclude>
    <ClInclude Include="include\TcpIp\dss_tcp_client_actor.h">
      <Filter>include\TcpIp</Filter>
    </ClInclude>
  </ItemGroup>
</Project>